# This file is automatically @generated by Cargo.
# It is not intended for manual editing.
version = 4

[[package]]
name = "game-cli"
version = "0.1.0"

[[package]]
name = "game-core"
version = "0.1.0"

[[package]]
name = "game-db"
version = "0.1.0"

[[package]]
name = "game-jobs"
version = "0.1.0"

[[package]]
name = "game-web"
version = "0.1.0"
